<?xml version="1.0" encoding="utf-8"?>
<Project ToolsVersion="4.0" xmlns="http://schemas.microsoft.com/developer/msbuild/2003">
  <ItemGroup>
    <Filter Include="src">
      <UniqueIdentifier>{c29cf303-103c-47e8-b77c-3647472a5f1c}</UniqueIdentifier>
      <Extensions>cpp;c;cxx;def;odl;idl;hpj;bat;asm</Extensions>
    </Filter>
    <Filter Include="include">
      <UniqueIdentifier>{0e9a9f99-4bb8-4b85-8d9f-1bce3adf9110}</UniqueIdentifier>
      <Extensions>h;hpp;hxx;hm;inl;inc</Extensions>
    </Filter>
  </ItemGroup>
  <ItemGroup>
    <ClCompile Include="..\..\src\primport\3ds.cpp">
      <Filter>src</Filter>
    </ClCompile>
    <ClCompile Include="..\..\src\primport\bvh.cpp">
      <Filter>src</Filter>
    </ClCompile>
    <ClCompile Include="..\..\src\primport\klx.cpp">
      <Filter>src</Filter>
    </ClCompile>
    <ClCompile Include="..\..\src\primport\lwo.cpp">
      <Filter>src</Filter>
    </ClCompile>
    <ClCompile Include="..\..\src\primport\lwo2.cpp">
      <Filter>src</Filter>
    </ClCompile>
    <ClCompile Include="..\..\src\primport\q1mdl.cpp">
      <Filter>src</Filter>
    </ClCompile>
    <ClCompile Include="..\..\src\primport\q2mdl.cpp">
      <Filter>src</Filter>
    </ClCompile>
    <ClCompile Include="..\..\src\primport\q3bsp.cpp">
      <Filter>src</Filter>
    </ClCompile>
    <ClCompile Include="..\..\src\primport\q3mdl.cpp">
      <Filter>src</Filter>
    </ClCompile>
  </ItemGroup>
  <ItemGroup>
    <ClInclude Include="..\..\include\primport\3ds.hpp">
      <Filter>include</Filter>
    </ClInclude>
    <ClInclude Include="..\..\include\primport\bvh.hpp">
      <Filter>include</Filter>
    </ClInclude>
    <ClInclude Include="..\..\include\primport\klx.hpp">
      <Filter>include</Filter>
    </ClInclude>
    <ClInclude Include="..\..\include\primport\lwo.hpp">
      <Filter>include</Filter>
    </ClInclude>
    <ClInclude Include="..\..\include\primport\lwo2.hpp">
      <Filter>include</Filter>
    </ClInclude>
    <ClInclude Include="..\..\include\primport\primport.hpp">
      <Filter>include</Filter>
    </ClInclude>
    <ClInclude Include="..\..\include\primport\q1mdl.hpp">
      <Filter>include</Filter>
    </ClInclude>
    <ClInclude Include="..\..\include\primport\q2mdl.hpp">
      <Filter>include</Filter>
    </ClInclude>
    <ClInclude Include="..\..\include\primport\q3bsp.hpp">
      <Filter>include</Filter>
    </ClInclude>
    <ClInclude Include="..\..\include\primport\q3mdl.hpp">
      <Filter>include</Filter>
    </ClInclude>
  </ItemGroup>
</Project>